
Microsoft Visual Studio Solution File, Format Version 12.00
# Visual Studio Version 17
VisualStudioVersion = 17.14.36717.8
MinimumVisualStudioVersion = 10.0.40219.1
Project("{FAE04EC0-301F-11D3-BF4B-00C04F79EFBC}") = "7Eleven", "7Eleven\7Eleven.csproj", "{1BD180D3-5ADB-4B54-9FAA-B9DF99C4DA9E}"
EndProject
Project("{FAE04EC0-301F-11D3-BF4B-00C04F79EFBC}") = "711TestProject2", "711TestProject2\711TestProject2.csproj", "{BF62C0C2-4A1A-4C3D-B078-1CF95D7DBD8B}"
EndProject
Global
	GlobalSection(SolutionConfigurationPlatforms) = preSolution
		Debug|Any CPU = Debug|Any CPU
		Release|Any CPU = Release|Any CPU
	EndGlobalSection
	GlobalSection(ProjectConfigurationPlatforms) = postSolution
		{1BD180D3-5ADB-4B54-9FAA-B9DF99C4DA9E}.Debug|Any CPU.ActiveCfg = Debug|Any CPU
		{1BD180D3-5ADB-4B54-9FAA-B9DF99C4DA9E}.Debug|Any CPU.Build.0 = Debug|Any CPU
		{1BD180D3-5ADB-4B54-9FAA-B9DF99C4DA9E}.Release|Any CPU.ActiveCfg = Release|Any CPU
		{1BD180D3-5ADB-4B54-9FAA-B9DF99C4DA9E}.Release|Any CPU.Build.0 = Release|Any CPU
		{BF62C0C2-4A1A-4C3D-B078-1CF95D7DBD8B}.Debug|Any CPU.ActiveCfg = Debug|Any CPU
		{BF62C0C2-4A1A-4C3D-B078-1CF95D7DBD8B}.Debug|Any CPU.Build.0 = Debug|Any CPU
		{BF62C0C2-4A1A-4C3D-B078-1CF95D7DBD8B}.Release|Any CPU.ActiveCfg = Release|Any CPU
		{BF62C0C2-4A1A-4C3D-B078-1CF95D7DBD8B}.Release|Any CPU.Build.0 = Release|Any CPU
	EndGlobalSection
	GlobalSection(SolutionProperties) = preSolution
		HideSolutionNode = FALSE
	EndGlobalSection
	GlobalSection(ExtensibilityGlobals) = postSolution
		SolutionGuid = {2EEE84F6-C5B3-44E1-96E6-D10CE772C8DA}
	EndGlobalSection
EndGlobal
